
Microsoft Visual Studio Solution File, Format Version 12.00
# Visual Studio Version 17
VisualStudioVersion = 17.14.36119.2 d17.14
MinimumVisualStudioVersion = 10.0.40219.1
Project("{FAE04EC0-301F-11D3-BF4B-00C04F79EFBC}") = "App1", "App1\App1.csproj", "{42525F3D-79C3-4550-B965-32A0ECB10E1F}"
EndProject
Global
	GlobalSection(SolutionConfigurationPlatforms) = preSolution
		Debug|ARM64 = Debug|ARM64
		Debug|x64 = Debug|x64
		Debug|x86 = Debug|x86
		Release|ARM64 = Release|ARM64
		Release|x64 = Release|x64
		Release|x86 = Release|x86
	EndGlobalSection
	GlobalSection(ProjectConfigurationPlatforms) = postSolution
		{42525F3D-79C3-4550-B965-32A0ECB10E1F}.Debug|ARM64.ActiveCfg = Debug|ARM64
		{42525F3D-79C3-4550-B965-32A0ECB10E1F}.Debug|ARM64.Build.0 = Debug|ARM64
		{42525F3D-79C3-4550-B965-32A0ECB10E1F}.Debug|ARM64.Deploy.0 = Debug|ARM64
		{42525F3D-79C3-4550-B965-32A0ECB10E1F}.Debug|x64.ActiveCfg = Debug|x64
		{42525F3D-79C3-4550-B965-32A0ECB10E1F}.Debug|x64.Build.0 = Debug|x64
		{42525F3D-79C3-4550-B965-32A0ECB10E1F}.Debug|x64.Deploy.0 = Debug|x64
		{42525F3D-79C3-4550-B965-32A0ECB10E1F}.Debug|x86.ActiveCfg = Debug|x86
		{42525F3D-79C3-4550-B965-32A0ECB10E1F}.Debug|x86.Build.0 = Debug|x86
		{42525F3D-79C3-4550-B965-32A0ECB10E1F}.Debug|x86.Deploy.0 = Debug|x86
		{42525F3D-79C3-4550-B965-32A0ECB10E1F}.Release|ARM64.ActiveCfg = Release|ARM64
		{42525F3D-79C3-4550-B965-32A0ECB10E1F}.Release|ARM64.Build.0 = Release|ARM64
		{42525F3D-79C3-4550-B965-32A0ECB10E1F}.Release|ARM64.Deploy.0 = Release|ARM64
		{42525F3D-79C3-4550-B965-32A0ECB10E1F}.Release|x64.ActiveCfg = Release|x64
		{42525F3D-79C3-4550-B965-32A0ECB10E1F}.Release|x64.Build.0 = Release|x64
		{42525F3D-79C3-4550-B965-32A0ECB10E1F}.Release|x64.Deploy.0 = Release|x64
		{42525F3D-79C3-4550-B965-32A0ECB10E1F}.Release|x86.ActiveCfg = Release|x86
		{42525F3D-79C3-4550-B965-32A0ECB10E1F}.Release|x86.Build.0 = Release|x86
		{42525F3D-79C3-4550-B965-32A0ECB10E1F}.Release|x86.Deploy.0 = Release|x86
	EndGlobalSection
	GlobalSection(SolutionProperties) = preSolution
		HideSolutionNode = FALSE
	EndGlobalSection
	GlobalSection(ExtensibilityGlobals) = postSolution
		SolutionGuid = {4595CE67-A03F-420A-8622-878EDBE858E7}
	EndGlobalSection
EndGlobal
